
Microsoft Visual Studio Solution File, Format Version 12.00
# Visual Studio Version 17
VisualStudioVersion = 17.2.32602.215
MinimumVisualStudioVersion = 10.0.40219.1
Project("{FAE04EC0-301F-11D3-BF4B-00C04F79EFBC}") = "superheroAPI", "superheroAPI\superheroAPI.csproj", "{44FC315B-C41C-4679-9748-9F3F0D2AE189}"
EndProject
Global
	GlobalSection(SolutionConfigurationPlatforms) = preSolution
		Debug|Any CPU = Debug|Any CPU
		Release|Any CPU = Release|Any CPU
	EndGlobalSection
	GlobalSection(ProjectConfigurationPlatforms) = postSolution
		{44FC315B-C41C-4679-9748-9F3F0D2AE189}.Debug|Any CPU.ActiveCfg = Debug|Any CPU
		{44FC315B-C41C-4679-9748-9F3F0D2AE189}.Debug|Any CPU.Build.0 = Debug|Any CPU
		{44FC315B-C41C-4679-9748-9F3F0D2AE189}.Release|Any CPU.ActiveCfg = Release|Any CPU
		{44FC315B-C41C-4679-9748-9F3F0D2AE189}.Release|Any CPU.Build.0 = Release|Any CPU
	EndGlobalSection
	GlobalSection(SolutionProperties) = preSolution
		HideSolutionNode = FALSE
	EndGlobalSection
	GlobalSection(ExtensibilityGlobals) = postSolution
		SolutionGuid = {FB0608E7-20FD-4D5C-9CE5-935B938C5909}
	EndGlobalSection
EndGlobal
