
Microsoft Visual Studio Solution File, Format Version 12.00
# Visual Studio Version 17
VisualStudioVersion = 17.2.32602.215
MinimumVisualStudioVersion = 10.0.40219.1
Project("{FAE04EC0-301F-11D3-BF4B-00C04F79EFBC}") = "smsnewnew", "smsnewnew\smsnewnew.csproj", "{67601C6E-01EC-4FE2-B77D-438FFF03A0FF}"
EndProject
Global
	GlobalSection(SolutionConfigurationPlatforms) = preSolution
		Debug|Any CPU = Debug|Any CPU
		Release|Any CPU = Release|Any CPU
	EndGlobalSection
	GlobalSection(ProjectConfigurationPlatforms) = postSolution
		{67601C6E-01EC-4FE2-B77D-438FFF03A0FF}.Debug|Any CPU.ActiveCfg = Debug|Any CPU
		{67601C6E-01EC-4FE2-B77D-438FFF03A0FF}.Debug|Any CPU.Build.0 = Debug|Any CPU
		{67601C6E-01EC-4FE2-B77D-438FFF03A0FF}.Release|Any CPU.ActiveCfg = Release|Any CPU
		{67601C6E-01EC-4FE2-B77D-438FFF03A0FF}.Release|Any CPU.Build.0 = Release|Any CPU
	EndGlobalSection
	GlobalSection(SolutionProperties) = preSolution
		HideSolutionNode = FALSE
	EndGlobalSection
	GlobalSection(ExtensibilityGlobals) = postSolution
		SolutionGuid = {5C077A44-327F-4937-B297-E31E9D89F6B6}
	EndGlobalSection
EndGlobal
